
Microsoft Visual Studio Solution File, Format Version 12.00
# Visual Studio Version 16
VisualStudioVersion = 16.0.29009.5
MinimumVisualStudioVersion = 10.0.40219.1
Project("{FAE04EC0-301F-11D3-BF4B-00C04F79EFBC}") = "DevOpsSample", "DevOpsSample\DevOpsSample.csproj", "{BBC998E5-48D6-4904-B42D-449E24888DF7}"
EndProject
Global
	GlobalSection(SolutionConfigurationPlatforms) = preSolution
		Debug|Any CPU = Debug|Any CPU
		Release|Any CPU = Release|Any CPU
	EndGlobalSection
	GlobalSection(ProjectConfigurationPlatforms) = postSolution
		{BBC998E5-48D6-4904-B42D-449E24888DF7}.Debug|Any CPU.ActiveCfg = Debug|Any CPU
		{BBC998E5-48D6-4904-B42D-449E24888DF7}.Debug|Any CPU.Build.0 = Debug|Any CPU
		{BBC998E5-48D6-4904-B42D-449E24888DF7}.Release|Any CPU.ActiveCfg = Release|Any CPU
		{BBC998E5-48D6-4904-B42D-449E24888DF7}.Release|Any CPU.Build.0 = Release|Any CPU
	EndGlobalSection
	GlobalSection(SolutionProperties) = preSolution
		HideSolutionNode = FALSE
	EndGlobalSection
	GlobalSection(ExtensibilityGlobals) = postSolution
		SolutionGuid = {0B11DF2D-AA6A-48D1-97BB-DE468F11456D}
	EndGlobalSection
EndGlobal
